# This file is generated by running "yarn install" inside your project.
# Manual changes might be lost - proceed with caution!

__metadata:
  version: 8
  cacheKey: 10c0

"compromise@npm:14.14.2":
  version: 14.14.2
  resolution: "compromise@npm:14.14.2"
  dependencies:
    efrt: "npm:2.7.0"
    grad-school: "npm:0.0.5"
    suffix-thumb: "npm:5.0.2"
  checksum: 10c0/a0061b09cda899e424dc87869a4a22e616a314dc7501d506f955fa43f0bb4bd582187cb39afe6600a8190d216e7f7ae419c0ca8dfcd5f7670f6f9bb0a7f8820a
  languageName: node
  linkType: hard

"efrt@npm:2.7.0":
  version: 2.7.0
  resolution: "efrt@npm:2.7.0"
  checksum: 10c0/c8f8e838e6e4efae7105a8349db2c9d7ad7a14a69982628c740fdaf7658c44866a6b988a6c9abda8d2f0f9ccbfe943ec38e35a6355873f9b7cb58ae87575f355
  languageName: node
  linkType: hard

"examples@workspace:.":
  version: 0.0.0-use.local
  resolution: "examples@workspace:."
  dependencies:
    text-to-playwright: "npm:0.0.2"
  languageName: unknown
  linkType: soft

"grad-school@npm:0.0.5":
  version: 0.0.5
  resolution: "grad-school@npm:0.0.5"
  checksum: 10c0/c7b8a4681efe00d279ec3d24b4570492891c7b33ae0c6d038b762888fb3348082bb366c402b892c6f04b3345a9ee2f0f03c835738480331c068f336974f11732
  languageName: node
  linkType: hard

"suffix-thumb@npm:5.0.2":
  version: 5.0.2
  resolution: "suffix-thumb@npm:5.0.2"
  checksum: 10c0/21013f81dbcca00db2081c69571b652ad23820735b4a9717ef138fc74cd12f1ead37304441698c6b562ba8e56222ed2b1a7ef8cfb89aa116f4684c1097c43bb6
  languageName: node
  linkType: hard

"text-to-playwright@npm:0.0.2":
  version: 0.0.2
  resolution: "text-to-playwright@npm:0.0.2"
  dependencies:
    compromise: "npm:14.14.2"
    yaml: "npm:2.7.0"
    zod: "npm:3.24.1"
  peerDependencies:
    "@playwright/test": ^1.49.1
  bin:
    text-to-playwright: dist/text-to-playwright.mjs
  checksum: 10c0/db2e8cb16c02532c0464292edacf936ab129a52fcc609cf5e6712cf2aaf2a5088ec92945605f8baa34e6615e7b41c61d1674a45e7792d4633a5d38808a0ce6e4
  languageName: node
  linkType: hard

"yaml@npm:2.7.0":
  version: 2.7.0
  resolution: "yaml@npm:2.7.0"
  bin:
    yaml: bin.mjs
  checksum: 10c0/886a7d2abbd70704b79f1d2d05fe9fb0aa63aefb86e1cb9991837dced65193d300f5554747a872b4b10ae9a12bc5d5327e4d04205f70336e863e35e89d8f4ea9
  languageName: node
  linkType: hard

"zod@npm:3.24.1":
  version: 3.24.1
  resolution: "zod@npm:3.24.1"
  checksum: 10c0/0223d21dbaa15d8928fe0da3b54696391d8e3e1e2d0283a1a070b5980a1dbba945ce631c2d1eccc088fdbad0f2dfa40155590bf83732d3ac4fcca2cc9237591b
  languageName: node
  linkType: hard
